
Microsoft Visual Studio Solution File, Format Version 12.00
# Visual Studio Version 17
VisualStudioVersion = 17.9.34622.214
MinimumVisualStudioVersion = 10.0.40219.1
Project("{FAE04EC0-301F-11D3-BF4B-00C04F79EFBC}") = "TaskSchedulerRockWell", "TaskSchedulerRockWell\TaskSchedulerRockWell.csproj", "{96051533-5411-4CA7-ABBC-4FBF05DE1FD3}"
EndProject
Global
	GlobalSection(SolutionConfigurationPlatforms) = preSolution
		Debug|Any CPU = Debug|Any CPU
		Release|Any CPU = Release|Any CPU
	EndGlobalSection
	GlobalSection(ProjectConfigurationPlatforms) = postSolution
		{96051533-5411-4CA7-ABBC-4FBF05DE1FD3}.Debug|Any CPU.ActiveCfg = Debug|Any CPU
		{96051533-5411-4CA7-ABBC-4FBF05DE1FD3}.Debug|Any CPU.Build.0 = Debug|Any CPU
		{96051533-5411-4CA7-ABBC-4FBF05DE1FD3}.Release|Any CPU.ActiveCfg = Release|Any CPU
		{96051533-5411-4CA7-ABBC-4FBF05DE1FD3}.Release|Any CPU.Build.0 = Release|Any CPU
	EndGlobalSection
	GlobalSection(SolutionProperties) = preSolution
		HideSolutionNode = FALSE
	EndGlobalSection
	GlobalSection(ExtensibilityGlobals) = postSolution
		SolutionGuid = {A9416CF4-22FD-41A3-8173-BC172CB6F4E3}
	EndGlobalSection
EndGlobal
